Microsoft Visual Studio Solution File, Format Version 12.00
# Visual Studio Version 17
VisualStudioVersion = 17.5.2.0
MinimumVisualStudioVersion = 10.0.40219.1
Project("{FAE04EC0-301F-11D3-BF4B-00C04F79EFBC}") = "LEI-SEM5-PI-2025-26-3DD-02", "WebApp\LEI-SEM5-PI-2025-26-3DD-02.csproj", "{6941D105-38A8-296A-6A1A-C07AAD16E7C0}"
EndProject
Global
	GlobalSection(SolutionConfigurationPlatforms) = preSolution
		Debug|Any CPU = Debug|Any CPU
		Release|Any CPU = Release|Any CPU
	EndGlobalSection
	GlobalSection(ProjectConfigurationPlatforms) = postSolution
		{6941D105-38A8-296A-6A1A-C07AAD16E7C0}.Debug|Any CPU.ActiveCfg = Debug|Any CPU
		{6941D105-38A8-296A-6A1A-C07AAD16E7C0}.Debug|Any CPU.Build.0 = Debug|Any CPU
		{6941D105-38A8-296A-6A1A-C07AAD16E7C0}.Release|Any CPU.ActiveCfg = Release|Any CPU
		{6941D105-38A8-296A-6A1A-C07AAD16E7C0}.Release|Any CPU.Build.0 = Release|Any CPU
	EndGlobalSection
	GlobalSection(SolutionProperties) = preSolution
		HideSolutionNode = FALSE
	EndGlobalSection
	GlobalSection(ExtensibilityGlobals) = postSolution
		SolutionGuid = {4976EC9B-57BC-4B70-9115-828D3AFEC522}
	EndGlobalSection
EndGlobal
