
Microsoft Visual Studio Solution File, Format Version 12.00
# Visual Studio Version 17
VisualStudioVersion = 17.5.2.0
MinimumVisualStudioVersion = 10.0.40219.1
Project("{2150E333-8FDC-42A3-9474-1A3956D46DE8}") = "WebApp", "WebApp", "{7E50A06F-A38B-7BE7-1137-409223B8AEF0}"
EndProject
Project("{FAE04EC0-301F-11D3-BF4B-00C04F79EFBC}") = "WebApp", "src\WebApp\WebApp.csproj", "{5854C7EA-9EFE-4B6B-938C-2CBD6878CD83}"
EndProject
Project("{2150E333-8FDC-42A3-9474-1A3956D46DE8}") = "tests", "tests", "{0AB3BF05-4346-4AA6-1389-037BE0695223}"
EndProject
Project("{2150E333-8FDC-42A3-9474-1A3956D46DE8}") = "WebApp", "WebApp", "{0E51B9E2-96E6-5CAA-97F2-138478DF04D2}"
EndProject
Project("{FAE04EC0-301F-11D3-BF4B-00C04F79EFBC}") = "WebApp.Tests", "tests\WebApp\WebApp.Tests.csproj", "{22A0348E-3FAD-48D9-AA56-B33E2FEC7E51}"
EndProject
Project("{2150E333-8FDC-42A3-9474-1A3956D46DE8}") = "src", "src", "{827E0CD3-B72D-47B6-A68D-7590B98EB39B}"
EndProject
Project("{FAE04EC0-301F-11D3-BF4B-00C04F79EFBC}") = "Oem", "src\Oem\Oem.csproj", "{4640C0A5-FE19-4998-9541-53AF2F8C1D0B}"
EndProject
Global
	GlobalSection(SolutionConfigurationPlatforms) = preSolution
		Debug|Any CPU = Debug|Any CPU
		Debug|x64 = Debug|x64
		Debug|x86 = Debug|x86
		Release|Any CPU = Release|Any CPU
		Release|x64 = Release|x64
		Release|x86 = Release|x86
	EndGlobalSection
	GlobalSection(ProjectConfigurationPlatforms) = postSolution
		{5854C7EA-9EFE-4B6B-938C-2CBD6878CD83}.Debug|Any CPU.ActiveCfg = Debug|Any CPU
		{5854C7EA-9EFE-4B6B-938C-2CBD6878CD83}.Debug|Any CPU.Build.0 = Debug|Any CPU
		{5854C7EA-9EFE-4B6B-938C-2CBD6878CD83}.Debug|x64.ActiveCfg = Debug|Any CPU
		{5854C7EA-9EFE-4B6B-938C-2CBD6878CD83}.Debug|x64.Build.0 = Debug|Any CPU
		{5854C7EA-9EFE-4B6B-938C-2CBD6878CD83}.Debug|x86.ActiveCfg = Debug|Any CPU
		{5854C7EA-9EFE-4B6B-938C-2CBD6878CD83}.Debug|x86.Build.0 = Debug|Any CPU
		{5854C7EA-9EFE-4B6B-938C-2CBD6878CD83}.Release|Any CPU.ActiveCfg = Release|Any CPU
		{5854C7EA-9EFE-4B6B-938C-2CBD6878CD83}.Release|Any CPU.Build.0 = Release|Any CPU
		{5854C7EA-9EFE-4B6B-938C-2CBD6878CD83}.Release|x64.ActiveCfg = Release|Any CPU
		{5854C7EA-9EFE-4B6B-938C-2CBD6878CD83}.Release|x64.Build.0 = Release|Any CPU
		{5854C7EA-9EFE-4B6B-938C-2CBD6878CD83}.Release|x86.ActiveCfg = Release|Any CPU
		{5854C7EA-9EFE-4B6B-938C-2CBD6878CD83}.Release|x86.Build.0 = Release|Any CPU
		{22A0348E-3FAD-48D9-AA56-B33E2FEC7E51}.Debug|Any CPU.ActiveCfg = Debug|Any CPU
		{22A0348E-3FAD-48D9-AA56-B33E2FEC7E51}.Debug|Any CPU.Build.0 = Debug|Any CPU
		{22A0348E-3FAD-48D9-AA56-B33E2FEC7E51}.Debug|x64.ActiveCfg = Debug|Any CPU
		{22A0348E-3FAD-48D9-AA56-B33E2FEC7E51}.Debug|x64.Build.0 = Debug|Any CPU
		{22A0348E-3FAD-48D9-AA56-B33E2FEC7E51}.Debug|x86.ActiveCfg = Debug|Any CPU
		{22A0348E-3FAD-48D9-AA56-B33E2FEC7E51}.Debug|x86.Build.0 = Debug|Any CPU
		{22A0348E-3FAD-48D9-AA56-B33E2FEC7E51}.Release|Any CPU.ActiveCfg = Release|Any CPU
		{22A0348E-3FAD-48D9-AA56-B33E2FEC7E51}.Release|Any CPU.Build.0 = Release|Any CPU
		{22A0348E-3FAD-48D9-AA56-B33E2FEC7E51}.Release|x64.ActiveCfg = Release|Any CPU
		{22A0348E-3FAD-48D9-AA56-B33E2FEC7E51}.Release|x64.Build.0 = Release|Any CPU
		{22A0348E-3FAD-48D9-AA56-B33E2FEC7E51}.Release|x86.ActiveCfg = Release|Any CPU
		{22A0348E-3FAD-48D9-AA56-B33E2FEC7E51}.Release|x86.Build.0 = Release|Any CPU
		{4640C0A5-FE19-4998-9541-53AF2F8C1D0B}.Debug|Any CPU.ActiveCfg = Debug|Any CPU
		{4640C0A5-FE19-4998-9541-53AF2F8C1D0B}.Debug|Any CPU.Build.0 = Debug|Any CPU
		{4640C0A5-FE19-4998-9541-53AF2F8C1D0B}.Debug|x64.ActiveCfg = Debug|Any CPU
		{4640C0A5-FE19-4998-9541-53AF2F8C1D0B}.Debug|x64.Build.0 = Debug|Any CPU
		{4640C0A5-FE19-4998-9541-53AF2F8C1D0B}.Debug|x86.ActiveCfg = Debug|Any CPU
		{4640C0A5-FE19-4998-9541-53AF2F8C1D0B}.Debug|x86.Build.0 = Debug|Any CPU
		{4640C0A5-FE19-4998-9541-53AF2F8C1D0B}.Release|Any CPU.ActiveCfg = Release|Any CPU
		{4640C0A5-FE19-4998-9541-53AF2F8C1D0B}.Release|Any CPU.Build.0 = Release|Any CPU
		{4640C0A5-FE19-4998-9541-53AF2F8C1D0B}.Release|x64.ActiveCfg = Release|Any CPU
		{4640C0A5-FE19-4998-9541-53AF2F8C1D0B}.Release|x64.Build.0 = Release|Any CPU
		{4640C0A5-FE19-4998-9541-53AF2F8C1D0B}.Release|x86.ActiveCfg = Release|Any CPU
		{4640C0A5-FE19-4998-9541-53AF2F8C1D0B}.Release|x86.Build.0 = Release|Any CPU
	EndGlobalSection
	GlobalSection(SolutionProperties) = preSolution
		HideSolutionNode = FALSE
	EndGlobalSection
	GlobalSection(NestedProjects) = preSolution
		{5854C7EA-9EFE-4B6B-938C-2CBD6878CD83} = {7E50A06F-A38B-7BE7-1137-409223B8AEF0}
		{0E51B9E2-96E6-5CAA-97F2-138478DF04D2} = {0AB3BF05-4346-4AA6-1389-037BE0695223}
		{22A0348E-3FAD-48D9-AA56-B33E2FEC7E51} = {0E51B9E2-96E6-5CAA-97F2-138478DF04D2}
		{4640C0A5-FE19-4998-9541-53AF2F8C1D0B} = {827E0CD3-B72D-47B6-A68D-7590B98EB39B}
	EndGlobalSection
	GlobalSection(ExtensibilityGlobals) = postSolution
		SolutionGuid = {4976EC9B-57BC-4B70-9115-828D3AFEC522}
	EndGlobalSection
EndGlobal
